<?xml version="1.0" encoding="utf-8"?>
<Project ToolsVersion="4.0" xmlns="http://schemas.microsoft.com/developer/msbuild/2003">
  <ItemGroup>
    <Filter Include="Файлы исходного кода">
      <UniqueIdentifier>{4FC737F1-C7A5-4376-A066-2A32D752A2FF}</UniqueIdentifier>
      <Extensions>cpp;c;cc;cxx;def;odl;idl;hpj;bat;asm;asmx</Extensions>
    </Filter>
    <Filter Include="Заголовочные файлы">
      <UniqueIdentifier>{93995380-89BD-4b04-88EB-625FBE52EBFB}</UniqueIdentifier>
      <Extensions>h;hpp;hxx;hm;inl;inc;xsd</Extensions>
    </Filter>
    <Filter Include="Файлы ресурсов">
      <UniqueIdentifier>{67DA6AB6-F800-4c08-8B7A-83BB121AAD01}</UniqueIdentifier>
      <Extensions>rc;ico;cur;bmp;dlg;rc2;rct;bin;rgs;gif;jpg;jpeg;jpe;resx;tiff;tif;png;wav;mfcribbon-ms</Extensions>
    </Filter>
    <Filter Include="Заголовочные файлы\Cells">
      <UniqueIdentifier>{db5af557-7508-49f4-b014-7c7f392b4333}</UniqueIdentifier>
    </Filter>
    <Filter Include="Заголовочные файлы\Modules">
      <UniqueIdentifier>{7951d90a-2eb8-4f8b-ac67-f1e5413d9bb2}</UniqueIdentifier>
    </Filter>
    <Filter Include="Заголовочные файлы\Snake">
      <UniqueIdentifier>{e0385e18-6495-4c68-b603-b2596c27d454}</UniqueIdentifier>
    </Filter>
    <Filter Include="Файлы исходного кода\Cells">
      <UniqueIdentifier>{48a636a8-3d8e-4de8-824e-ae73972c8611}</UniqueIdentifier>
    </Filter>
    <Filter Include="Файлы исходного кода\Modules">
      <UniqueIdentifier>{8c0e1201-0e43-4c76-8a95-a642ab5bbb0e}</UniqueIdentifier>
    </Filter>
    <Filter Include="Файлы исходного кода\Snake">
      <UniqueIdentifier>{37db05a1-aa77-48c4-aaff-15afde3a811a}</UniqueIdentifier>
    </Filter>
  </ItemGroup>
  <ItemGroup>
    <ClInclude Include="GlobalVariables.h">
      <Filter>Заголовочные файлы</Filter>
    </ClInclude>
    <ClInclude Include="HelloScreen.h">
      <Filter>Заголовочные файлы\Modules</Filter>
    </ClInclude>
    <ClInclude Include="IModule.h">
      <Filter>Заголовочные файлы\Modules</Filter>
    </ClInclude>
    <ClInclude Include="ModuleMgr.h">
      <Filter>Заголовочные файлы\Modules</Filter>
    </ClInclude>
    <ClInclude Include="ModuleName.h">
      <Filter>Заголовочные файлы\Modules</Filter>
    </ClInclude>
    <ClInclude Include="MenuButton.h">
      <Filter>Заголовочные файлы\Modules</Filter>
    </ClInclude>
    <ClInclude Include="StartMenu.h">
      <Filter>Заголовочные файлы\Modules</Filter>
    </ClInclude>
    <ClInclude Include="Cell.h">
      <Filter>Заголовочные файлы\Cells</Filter>
    </ClInclude>
    <ClInclude Include="CellEmpty.h">
      <Filter>Заголовочные файлы\Cells</Filter>
    </ClInclude>
    <ClInclude Include="CellSnake.h">
      <Filter>Заголовочные файлы\Cells</Filter>
    </ClInclude>
    <ClInclude Include="CellStruct.h">
      <Filter>Заголовочные файлы\Cells</Filter>
    </ClInclude>
    <ClInclude Include="CellTypeConverter.h">
      <Filter>Заголовочные файлы\Cells</Filter>
    </ClInclude>
    <ClInclude Include="Snake.h">
      <Filter>Заголовочные файлы\Snake</Filter>
    </ClInclude>
    <ClInclude Include="Settings.h">
      <Filter>Заголовочные файлы\Modules</Filter>
    </ClInclude>
    <ClInclude Include="CellEat.h">
      <Filter>Заголовочные файлы\Cells</Filter>
    </ClInclude>
    <ClInclude Include="CellReverse.h">
      <Filter>Заголовочные файлы\Cells</Filter>
    </ClInclude>
    <ClInclude Include="CellWallDestructable.h">
      <Filter>Заголовочные файлы\Cells</Filter>
    </ClInclude>
    <ClInclude Include="GameWithLevels.h">
      <Filter>Заголовочные файлы\Modules</Filter>
    </ClInclude>
    <ClInclude Include="GameModule.h">
      <Filter>Заголовочные файлы\Modules</Filter>
    </ClInclude>
    <ClInclude Include="GameClassic.h">
      <Filter>Заголовочные файлы\Modules</Filter>
    </ClInclude>
    <ClInclude Include="GameThroneMode.h">
      <Filter>Заголовочные файлы\Modules</Filter>
    </ClInclude>
    <ClInclude Include="GameTwoPlayers.h">
      <Filter>Заголовочные файлы\Modules</Filter>
    </ClInclude>
    <ClInclude Include="SelectGameMode.h">
      <Filter>Заголовочные файлы\Modules</Filter>
    </ClInclude>
    <ClInclude Include="CellWallUndestructable.h">
      <Filter>Заголовочные файлы\Cells</Filter>
    </ClInclude>
  </ItemGroup>
  <ItemGroup>
    <ClCompile Include="SnakeV03_main.cpp">
      <Filter>Файлы исходного кода</Filter>
    </ClCompile>
    <ClCompile Include="HelloScreen.cpp">
      <Filter>Файлы исходного кода\Modules</Filter>
    </ClCompile>
    <ClCompile Include="IModule.cpp">
      <Filter>Файлы исходного кода\Modules</Filter>
    </ClCompile>
    <ClCompile Include="ModuleMgr.cpp">
      <Filter>Файлы исходного кода\Modules</Filter>
    </ClCompile>
    <ClCompile Include="StartMenu.cpp">
      <Filter>Файлы исходного кода\Modules</Filter>
    </ClCompile>
    <ClCompile Include="MenuButton.cpp">
      <Filter>Файлы исходного кода\Modules</Filter>
    </ClCompile>
    <ClCompile Include="Cell.cpp">
      <Filter>Файлы исходного кода\Cells</Filter>
    </ClCompile>
    <ClCompile Include="CellEmpty.cpp">
      <Filter>Файлы исходного кода\Cells</Filter>
    </ClCompile>
    <ClCompile Include="CellSnake.cpp">
      <Filter>Файлы исходного кода\Cells</Filter>
    </ClCompile>
    <ClCompile Include="CellTypeConverter.cpp">
      <Filter>Файлы исходного кода\Cells</Filter>
    </ClCompile>
    <ClCompile Include="Snake.cpp">
      <Filter>Файлы исходного кода\Snake</Filter>
    </ClCompile>
    <ClCompile Include="Settings.cpp">
      <Filter>Файлы исходного кода\Modules</Filter>
    </ClCompile>
    <ClCompile Include="CellEat.cpp">
      <Filter>Файлы исходного кода\Cells</Filter>
    </ClCompile>
    <ClCompile Include="CellReverse.cpp">
      <Filter>Файлы исходного кода\Cells</Filter>
    </ClCompile>
    <ClCompile Include="CellWallDestructable.cpp">
      <Filter>Файлы исходного кода\Cells</Filter>
    </ClCompile>
    <ClCompile Include="GameWithLevels.cpp">
      <Filter>Файлы исходного кода\Modules</Filter>
    </ClCompile>
    <ClCompile Include="GameModule.cpp">
      <Filter>Файлы исходного кода\Modules</Filter>
    </ClCompile>
    <ClCompile Include="GameClassic.cpp">
      <Filter>Файлы исходного кода\Modules</Filter>
    </ClCompile>
    <ClCompile Include="GameThroneMode.cpp">
      <Filter>Файлы исходного кода\Modules</Filter>
    </ClCompile>
    <ClCompile Include="GameTwoPlayers.cpp">
      <Filter>Файлы исходного кода\Modules</Filter>
    </ClCompile>
    <ClCompile Include="SelectGameMode.cpp">
      <Filter>Файлы исходного кода\Modules</Filter>
    </ClCompile>
    <ClCompile Include="CellWallUndestructable.cpp">
      <Filter>Файлы исходного кода\Cells</Filter>
    </ClCompile>
  </ItemGroup>
</Project>